
Microsoft Visual Studio Solution File, Format Version 12.00
# Visual Studio Version 16
VisualStudioVersion = 16.0.29509.3
MinimumVisualStudioVersion = 10.0.40219.1
Project("{FAE04EC0-301F-11D3-BF4B-00C04F79EFBC}") = "Car Parking", "Car Parking.csproj", "{1263C8CA-C8D5-4C89-8F57-128012078E3B}"
EndProject
Project("{2150E333-8FDC-42A3-9474-1A3956D46DE8}") = "Solution Items", "Solution Items", "{D17C1F99-4E87-48A5-8367-736994B0F600}"
	ProjectSection(SolutionItems) = preProject
		domin.cs = domin.cs
		fee.cs = fee.cs
	EndProjectSection
EndProject
Global
	GlobalSection(SolutionConfigurationPlatforms) = preSolution
		Debug|Any CPU = Debug|Any CPU
		Release|Any CPU = Release|Any CPU
	EndGlobalSection
	GlobalSection(ProjectConfigurationPlatforms) = postSolution
		{1263C8CA-C8D5-4C89-8F57-128012078E3B}.Debug|Any CPU.ActiveCfg = Debug|Any CPU
		{1263C8CA-C8D5-4C89-8F57-128012078E3B}.Debug|Any CPU.Build.0 = Debug|Any CPU
		{1263C8CA-C8D5-4C89-8F57-128012078E3B}.Release|Any CPU.ActiveCfg = Release|Any CPU
		{1263C8CA-C8D5-4C89-8F57-128012078E3B}.Release|Any CPU.Build.0 = Release|Any CPU
	EndGlobalSection
	GlobalSection(SolutionProperties) = preSolution
		HideSolutionNode = FALSE
	EndGlobalSection
	GlobalSection(ExtensibilityGlobals) = postSolution
		SolutionGuid = {7D95210F-C20E-40BC-B1BE-7F99858ED6BA}
	EndGlobalSection
EndGlobal
